
Microsoft Visual Studio Solution File, Format Version 12.00
# Visual Studio Version 16
VisualStudioVersion = 16.0.30406.217
MinimumVisualStudioVersion = 10.0.40219.1
Project("{FAE04EC0-301F-11D3-BF4B-00C04F79EFBC}") = "Example.Grpc.Service", "Example.Grpc.Service\Example.Grpc.Service.csproj", "{46FF1E27-8396-429F-A86E-23C710604777}"
EndProject
Project("{FAE04EC0-301F-11D3-BF4B-00C04F79EFBC}") = "Example.Grpc.Client", "Example.Grpc.Client\Example.Grpc.Client.csproj", "{8BA21CDA-35D4-4F1B-BAE7-56324AA5E264}"
EndProject
Global
	GlobalSection(SolutionConfigurationPlatforms) = preSolution
		Debug|Any CPU = Debug|Any CPU
		Release|Any CPU = Release|Any CPU
	EndGlobalSection
	GlobalSection(ProjectConfigurationPlatforms) = postSolution
		{46FF1E27-8396-429F-A86E-23C710604777}.Debug|Any CPU.ActiveCfg = Debug|Any CPU
		{46FF1E27-8396-429F-A86E-23C710604777}.Debug|Any CPU.Build.0 = Debug|Any CPU
		{46FF1E27-8396-429F-A86E-23C710604777}.Release|Any CPU.ActiveCfg = Release|Any CPU
		{46FF1E27-8396-429F-A86E-23C710604777}.Release|Any CPU.Build.0 = Release|Any CPU
		{8BA21CDA-35D4-4F1B-BAE7-56324AA5E264}.Debug|Any CPU.ActiveCfg = Debug|Any CPU
		{8BA21CDA-35D4-4F1B-BAE7-56324AA5E264}.Debug|Any CPU.Build.0 = Debug|Any CPU
		{8BA21CDA-35D4-4F1B-BAE7-56324AA5E264}.Release|Any CPU.ActiveCfg = Release|Any CPU
		{8BA21CDA-35D4-4F1B-BAE7-56324AA5E264}.Release|Any CPU.Build.0 = Release|Any CPU
	EndGlobalSection
	GlobalSection(SolutionProperties) = preSolution
		HideSolutionNode = FALSE
	EndGlobalSection
	GlobalSection(ExtensibilityGlobals) = postSolution
		SolutionGuid = {83A2853E-F327-454D-99C2-F00F74EE0C15}
	EndGlobalSection
EndGlobal
